
Microsoft Visual Studio Solution File, Format Version 12.00
# Visual Studio Version 16
VisualStudioVersion = 16.0.31729.503
MinimumVisualStudioVersion = 10.0.40219.1
Project("{FAE04EC0-301F-11D3-BF4B-00C04F79EFBC}") = "ArrayHW", "ArrayHW\ArrayHW.csproj", "{9406F78B-AF81-431B-8BF2-8408285CF141}"
EndProject
Global
	GlobalSection(SolutionConfigurationPlatforms) = preSolution
		Debug|Any CPU = Debug|Any CPU
		Release|Any CPU = Release|Any CPU
	EndGlobalSection
	GlobalSection(ProjectConfigurationPlatforms) = postSolution
		{9406F78B-AF81-431B-8BF2-8408285CF141}.Debug|Any CPU.ActiveCfg = Debug|Any CPU
		{9406F78B-AF81-431B-8BF2-8408285CF141}.Debug|Any CPU.Build.0 = Debug|Any CPU
		{9406F78B-AF81-431B-8BF2-8408285CF141}.Release|Any CPU.ActiveCfg = Release|Any CPU
		{9406F78B-AF81-431B-8BF2-8408285CF141}.Release|Any CPU.Build.0 = Release|Any CPU
	EndGlobalSection
	GlobalSection(SolutionProperties) = preSolution
		HideSolutionNode = FALSE
	EndGlobalSection
	GlobalSection(ExtensibilityGlobals) = postSolution
		SolutionGuid = {805699BA-2D38-4EF6-9532-D5B9C4FFECE4}
	EndGlobalSection
EndGlobal
